
Microsoft Visual Studio Solution File, Format Version 12.00
# Visual Studio Version 17
VisualStudioVersion = 17.14.37027.9
MinimumVisualStudioVersion = 10.0.40219.1
Project("{FAE04EC0-301F-11D3-BF4B-00C04F79EFBC}") = "Open_lab", "Open_lab\Open_lab.csproj", "{7AB4404D-FCCD-44E1-A29C-273B9E12FEDF}"
EndProject
Project("{FAE04EC0-301F-11D3-BF4B-00C04F79EFBC}") = "Open_lab.Tests", "Open_lab.Tests\Open_lab.Tests.csproj", "{FA27FDD3-BBC9-4F75-AA4F-909036B7127B}"
EndProject
Project("{FAE04EC0-301F-11D3-BF4B-00C04F79EFBC}") = "Open_lab.IntegrationTests", "Open_lab.IntegrationTests\Open_lab.IntegrationTests.csproj", "{40D1C4EC-FBD3-4C8E-BDF1-7A759419179A}"
EndProject
Project("{FAE04EC0-301F-11D3-BF4B-00C04F79EFBC}") = "Open_lab.AdminCli", "Open_lab.AdminCli\Open_lab.AdminCli.csproj", "{A8D7E530-6E41-4B13-93A5-6BB454198B8A}"
EndProject
Project("{FAE04EC0-301F-11D3-BF4B-00C04F79EFBC}") = "Open_lab.UITests", "Open_lab.UITests\Open_lab.UITests.csproj", "{5F06E41B-16D5-4825-A797-8CED2CD75B7F}"
EndProject
Global
	GlobalSection(SolutionConfigurationPlatforms) = preSolution
		Debug|Any CPU = Debug|Any CPU
		Debug|x64 = Debug|x64
		Debug|x86 = Debug|x86
		Release|Any CPU = Release|Any CPU
		Release|x64 = Release|x64
		Release|x86 = Release|x86
	EndGlobalSection
	GlobalSection(ProjectConfigurationPlatforms) = postSolution
		{7AB4404D-FCCD-44E1-A29C-273B9E12FEDF}.Debug|Any CPU.ActiveCfg = Debug|Any CPU
		{7AB4404D-FCCD-44E1-A29C-273B9E12FEDF}.Debug|Any CPU.Build.0 = Debug|Any CPU
		{7AB4404D-FCCD-44E1-A29C-273B9E12FEDF}.Debug|x64.ActiveCfg = Debug|Any CPU
		{7AB4404D-FCCD-44E1-A29C-273B9E12FEDF}.Debug|x64.Build.0 = Debug|Any CPU
		{7AB4404D-FCCD-44E1-A29C-273B9E12FEDF}.Debug|x86.ActiveCfg = Debug|Any CPU
		{7AB4404D-FCCD-44E1-A29C-273B9E12FEDF}.Debug|x86.Build.0 = Debug|Any CPU
		{7AB4404D-FCCD-44E1-A29C-273B9E12FEDF}.Release|Any CPU.ActiveCfg = Release|Any CPU
		{7AB4404D-FCCD-44E1-A29C-273B9E12FEDF}.Release|Any CPU.Build.0 = Release|Any CPU
		{7AB4404D-FCCD-44E1-A29C-273B9E12FEDF}.Release|x64.ActiveCfg = Release|Any CPU
		{7AB4404D-FCCD-44E1-A29C-273B9E12FEDF}.Release|x64.Build.0 = Release|Any CPU
		{7AB4404D-FCCD-44E1-A29C-273B9E12FEDF}.Release|x86.ActiveCfg = Release|Any CPU
		{7AB4404D-FCCD-44E1-A29C-273B9E12FEDF}.Release|x86.Build.0 = Release|Any CPU
		{FA27FDD3-BBC9-4F75-AA4F-909036B7127B}.Debug|Any CPU.ActiveCfg = Debug|Any CPU
		{FA27FDD3-BBC9-4F75-AA4F-909036B7127B}.Debug|Any CPU.Build.0 = Debug|Any CPU
		{FA27FDD3-BBC9-4F75-AA4F-909036B7127B}.Debug|x64.ActiveCfg = Debug|Any CPU
		{FA27FDD3-BBC9-4F75-AA4F-909036B7127B}.Debug|x64.Build.0 = Debug|Any CPU
		{FA27FDD3-BBC9-4F75-AA4F-909036B7127B}.Debug|x86.ActiveCfg = Debug|Any CPU
		{FA27FDD3-BBC9-4F75-AA4F-909036B7127B}.Debug|x86.Build.0 = Debug|Any CPU
		{FA27FDD3-BBC9-4F75-AA4F-909036B7127B}.Release|Any CPU.ActiveCfg = Release|Any CPU
		{FA27FDD3-BBC9-4F75-AA4F-909036B7127B}.Release|Any CPU.Build.0 = Release|Any CPU
		{FA27FDD3-BBC9-4F75-AA4F-909036B7127B}.Release|x64.ActiveCfg = Release|Any CPU
		{FA27FDD3-BBC9-4F75-AA4F-909036B7127B}.Release|x64.Build.0 = Release|Any CPU
		{FA27FDD3-BBC9-4F75-AA4F-909036B7127B}.Release|x86.ActiveCfg = Release|Any CPU
		{FA27FDD3-BBC9-4F75-AA4F-909036B7127B}.Release|x86.Build.0 = Release|Any CPU
		{40D1C4EC-FBD3-4C8E-BDF1-7A759419179A}.Debug|Any CPU.ActiveCfg = Debug|Any CPU
		{40D1C4EC-FBD3-4C8E-BDF1-7A759419179A}.Debug|Any CPU.Build.0 = Debug|Any CPU
		{40D1C4EC-FBD3-4C8E-BDF1-7A759419179A}.Debug|x64.ActiveCfg = Debug|Any CPU
		{40D1C4EC-FBD3-4C8E-BDF1-7A759419179A}.Debug|x64.Build.0 = Debug|Any CPU
		{40D1C4EC-FBD3-4C8E-BDF1-7A759419179A}.Debug|x86.ActiveCfg = Debug|Any CPU
		{40D1C4EC-FBD3-4C8E-BDF1-7A759419179A}.Debug|x86.Build.0 = Debug|Any CPU
		{40D1C4EC-FBD3-4C8E-BDF1-7A759419179A}.Release|Any CPU.ActiveCfg = Release|Any CPU
		{40D1C4EC-FBD3-4C8E-BDF1-7A759419179A}.Release|Any CPU.Build.0 = Release|Any CPU
		{40D1C4EC-FBD3-4C8E-BDF1-7A759419179A}.Release|x64.ActiveCfg = Release|Any CPU
		{40D1C4EC-FBD3-4C8E-BDF1-7A759419179A}.Release|x64.Build.0 = Release|Any CPU
		{40D1C4EC-FBD3-4C8E-BDF1-7A759419179A}.Release|x86.ActiveCfg = Release|Any CPU
		{40D1C4EC-FBD3-4C8E-BDF1-7A759419179A}.Release|x86.Build.0 = Release|Any CPU
		{A8D7E530-6E41-4B13-93A5-6BB454198B8A}.Debug|Any CPU.ActiveCfg = Debug|Any CPU
		{A8D7E530-6E41-4B13-93A5-6BB454198B8A}.Debug|Any CPU.Build.0 = Debug|Any CPU
		{A8D7E530-6E41-4B13-93A5-6BB454198B8A}.Debug|x64.ActiveCfg = Debug|Any CPU
		{A8D7E530-6E41-4B13-93A5-6BB454198B8A}.Debug|x64.Build.0 = Debug|Any CPU
		{A8D7E530-6E41-4B13-93A5-6BB454198B8A}.Debug|x86.ActiveCfg = Debug|Any CPU
		{A8D7E530-6E41-4B13-93A5-6BB454198B8A}.Debug|x86.Build.0 = Debug|Any CPU
		{A8D7E530-6E41-4B13-93A5-6BB454198B8A}.Release|Any CPU.ActiveCfg = Release|Any CPU
		{A8D7E530-6E41-4B13-93A5-6BB454198B8A}.Release|Any CPU.Build.0 = Release|Any CPU
		{A8D7E530-6E41-4B13-93A5-6BB454198B8A}.Release|x64.ActiveCfg = Release|Any CPU
		{A8D7E530-6E41-4B13-93A5-6BB454198B8A}.Release|x64.Build.0 = Release|Any CPU
		{A8D7E530-6E41-4B13-93A5-6BB454198B8A}.Release|x86.ActiveCfg = Release|Any CPU
		{A8D7E530-6E41-4B13-93A5-6BB454198B8A}.Release|x86.Build.0 = Release|Any CPU
		{5F06E41B-16D5-4825-A797-8CED2CD75B7F}.Debug|Any CPU.ActiveCfg = Debug|Any CPU
		{5F06E41B-16D5-4825-A797-8CED2CD75B7F}.Debug|Any CPU.Build.0 = Debug|Any CPU
		{5F06E41B-16D5-4825-A797-8CED2CD75B7F}.Debug|x64.ActiveCfg = Debug|Any CPU
		{5F06E41B-16D5-4825-A797-8CED2CD75B7F}.Debug|x64.Build.0 = Debug|Any CPU
		{5F06E41B-16D5-4825-A797-8CED2CD75B7F}.Debug|x86.ActiveCfg = Debug|Any CPU
		{5F06E41B-16D5-4825-A797-8CED2CD75B7F}.Debug|x86.Build.0 = Debug|Any CPU
		{5F06E41B-16D5-4825-A797-8CED2CD75B7F}.Release|Any CPU.ActiveCfg = Release|Any CPU
		{5F06E41B-16D5-4825-A797-8CED2CD75B7F}.Release|Any CPU.Build.0 = Release|Any CPU
		{5F06E41B-16D5-4825-A797-8CED2CD75B7F}.Release|x64.ActiveCfg = Release|Any CPU
		{5F06E41B-16D5-4825-A797-8CED2CD75B7F}.Release|x64.Build.0 = Release|Any CPU
		{5F06E41B-16D5-4825-A797-8CED2CD75B7F}.Release|x86.ActiveCfg = Release|Any CPU
		{5F06E41B-16D5-4825-A797-8CED2CD75B7F}.Release|x86.Build.0 = Release|Any CPU
	EndGlobalSection
	GlobalSection(SolutionProperties) = preSolution
		HideSolutionNode = FALSE
	EndGlobalSection
	GlobalSection(ExtensibilityGlobals) = postSolution
		SolutionGuid = {E00B158B-FAA6-42EA-9BE6-486EAF712A2E}
	EndGlobalSection
EndGlobal
